<Solution>
  <Folder Name="/src/">
    <Project Path="src/EventManagement.Api/EventManagement.Api.csproj" />
    <Project Path="src/EventManagement.Application/EventManagement.Application.csproj" />
    <Project Path="src/EventManagement.Domain/EventManagement.Domain.csproj" />
    <Project Path="src/EventManagement.Infrastructure/EventManagement.Infrastructure.csproj" />
  </Folder>
  <Folder Name="/tests/">
    <Project Path="tests/EventManagement.Api.Tests/EventManagement.Api.Tests.csproj" />
    <Project Path="tests/EventManagement.Application.Tests/EventManagement.Application.Tests.csproj" />
    <Project Path="tests/EventManagement.Domain.Tests/EventManagement.Domain.Tests.csproj" />
  </Folder>
</Solution>
